// !$*UTF8*$!
{
	archiveVersion = 1;
	classes = {
	};
	objectVersion = 46;
	objects = {

/* Begin PBXBuildFile section */
		69D7581519CD06BD0085FF92 /* Foundation.framework in Frameworks */ = {isa = PBXBuildFile; fileRef = 69D7581419CD06BD0085FF92 /* Foundation.framework */; };
		69D7581719CD06BD0085FF92 /* CoreGraphics.framework in Frameworks */ = {isa = PBXBuildFile; fileRef = 69D7581619CD06BD0085FF92 /* CoreGraphics.framework */; };
		69D7581919CD06BD0085FF92 /* UIKit.framework in Frameworks */ = {isa = PBXBuildFile; fileRef = 69D7581819CD06BD0085FF92 /* UIKit.framework */; };
		69D7581F19CD06BD0085FF92 /* InfoPlist.strings in Resources */ = {isa = PBXBuildFile; fileRef = 69D7581D19CD06BD0085FF92 /* InfoPlist.strings */; };
		69D7582119CD06BD0085FF92 /* main.m in Sources */ = {isa = PBXBuildFile; fileRef = 69D7582019CD06BD0085FF92 /* main.m */; };
		69D7582519CD06BD0085FF92 /* AppDelegate.m in Sources */ = {isa = PBXBuildFile; fileRef = 69D7582419CD06BD0085FF92 /* AppDelegate.m */; };
		69D7582719CD06BD0085FF92 /* Images.xcassets in Resources */ = {isa = PBXBuildFile; fileRef = 69D7582619CD06BD0085FF92 /* Images.xcassets */; };
		69D7582E19CD06BD0085FF92 /* XCTest.framework in Frameworks */ = {isa = PBXBuildFile; fileRef = 69D7582D19CD06BD0085FF92 /* XCTest.framework */; };
		69D7582F19CD06BD0085FF92 /* Foundation.framework in Frameworks */ = {isa = PBXBuildFile; fileRef = 69D7581419CD06BD0085FF92 /* Foundation.framework */; };
		69D7583019CD06BD0085FF92 /* UIKit.framework in Frameworks */ = {isa = PBXBuildFile; fileRef = 69D7581819CD06BD0085FF92 /* UIKit.framework */; };
		69D7583819CD06BD0085FF92 /* InfoPlist.strings in Resources */ = {isa = PBXBuildFile; fileRef = 69D7583619CD06BD0085FF92 /* InfoPlist.strings */; };
		69D7583A19CD06BD0085FF92 /* yelpTests.m in Sources */ = {isa = PBXBuildFile; fileRef = 69D7583919CD06BD0085FF92 /* yelpTests.m */; };
/* End PBXBuildFile section */

/* Begin PBXContainerItemProxy section */
		69D7583119CD06BD0085FF92 /* PBXContainerItemProxy */ = {
			isa = PBXContainerItemProxy;
			containerPortal = 69D7580919CD06BD0085FF92 /* Project object */;
			proxyType = 1;
			remoteGlobalIDString = 69D7581019CD06BD0085FF92;
			remoteInfo = yelp;
		};
/* End PBXContainerItemProxy section */

/* Begin PBXFileReference section */
		69D7581119CD06BD0085FF92 /* yelp.app */ = {isa = PBXFileReference; explicitFileType = wrapper.application; includeInIndex = 0; path = yelp.app; sourceTree = BUILT_PRODUCTS_DIR; };
		69D7581419CD06BD0085FF92 /* Foundation.framework */ = {isa = PBXFileReference; lastKnownFileType = wrapper.framework; name = Foundation.framework; path = System/Library/Frameworks/Foundation.framework; sourceTree = SDKROOT; };
		69D7581619CD06BD0085FF92 /* CoreGraphics.framework */ = {isa = PBXFileReference; lastKnownFileType = wrapper.framework; name = CoreGraphics.framework; path = System/Library/Frameworks/CoreGraphics.framework; sourceTree = SDKROOT; };
		69D7581819CD06BD0085FF92 /* UIKit.framework */ = {isa = PBXFileReference; lastKnownFileType = wrapper.framework; name = UIKit.framework; path = System/Library/Frameworks/UIKit.framework; sourceTree = SDKROOT; };
		69D7581C19CD06BD0085FF92 /* yelp-Info.plist */ = {isa = PBXFileReference; lastKnownFileType = text.plist.xml; path = "yelp-Info.plist"; sourceTree = "<group>"; };
		69D7581E19CD06BD0085FF92 /* en */ = {isa = PBXFileReference; lastKnownFileType = text.plist.strings; name = en; path = en.lproj/InfoPlist.strings; sourceTree = "<group>"; };
		69D7582019CD06BD0085FF92 /* main.m */ = {isa = PBXFileReference; lastKnownFileType = sourcecode.c.objc; path = main.m; sourceTree = "<group>"; };
		69D7582219CD06BD0085FF92 /* yelp-Prefix.pch */ = {isa = PBXFileReference; lastKnownFileType = sourcecode.c.h; path = "yelp-Prefix.pch"; sourceTree = "<group>"; };
		69D7582319CD06BD0085FF92 /* AppDelegate.h */ = {isa = PBXFileReference; lastKnownFileType = sourcecode.c.h; path = AppDelegate.h; sourceTree = "<group>"; };
		69D7582419CD06BD0085FF92 /* AppDelegate.m */ = {isa = PBXFileReference; lastKnownFileType = sourcecode.c.objc; path = AppDelegate.m; sourceTree = "<group>"; };
		69D7582619CD06BD0085FF92 /* Images.xcassets */ = {isa = PBXFileReference; lastKnownFileType = folder.assetcatalog; path = Images.xcassets; sourceTree = "<group>"; };
		69D7582C19CD06BD0085FF92 /* yelpTests.xctest */ = {isa = PBXFileReference; explicitFileType = wrapper.cfbundle; includeInIndex = 0; path = yelpTests.xctest; sourceTree = BUILT_PRODUCTS_DIR; };
		69D7582D19CD06BD0085FF92 /* XCTest.framework */ = {isa = PBXFileReference; lastKnownFileType = wrapper.framework; name = XCTest.framework; path = Library/Frameworks/XCTest.framework; sourceTree = DEVELOPER_DIR; };
		69D7583519CD06BD0085FF92 /* yelpTests-Info.plist */ = {isa = PBXFileReference; lastKnownFileType = text.plist.xml; path = "yelpTests-Info.plist"; sourceTree = "<group>"; };
		69D7583719CD06BD0085FF92 /* en */ = {isa = PBXFileReference; lastKnownFileType = text.plist.strings; name = en; path = en.lproj/InfoPlist.strings; sourceTree = "<group>"; };
		69D7583919CD06BD0085FF92 /* yelpTests.m */ = {isa = PBXFileReference; lastKnownFileType = sourcecode.c.objc; path = yelpTests.m; sourceTree = "<group>"; };
/* End PBXFileReference section */

/* Begin PBXFrameworksBuildPhase section */
		69D7580E19CD06BD0085FF92 /* Frameworks */ = {
			isa = PBXFrameworksBuildPhase;
			buildActionMask = 2147483647;
			files = (
				69D7581719CD06BD0085FF92 /* CoreGraphics.framework in Frameworks */,
				69D7581919CD06BD0085FF92 /* UIKit.framework in Frameworks */,
				69D7581519CD06BD0085FF92 /* Foundation.framework in Frameworks */,
			);
			runOnlyForDeploymentPostprocessing = 0;
		};
		69D7582919CD06BD0085FF92 /* Frameworks */ = {
			isa = PBXFrameworksBuildPhase;
			buildActionMask = 2147483647;
			files = (
				69D7582E19CD06BD0085FF92 /* XCTest.framework in Frameworks */,
				69D7583019CD06BD0085FF92 /* UIKit.framework in Frameworks */,
				69D7582F19CD06BD0085FF92 /* Foundation.framework in Frameworks */,
			);
			runOnlyForDeploymentPostprocessing = 0;
		};
/* End PBXFrameworksBuildPhase section */

/* Begin PBXGroup section */
		69D7580819CD06BD0085FF92 = {
			isa = PBXGroup;
			children = (
				69D7581A19CD06BD0085FF92 /* yelp */,
				69D7583319CD06BD0085FF92 /* yelpTests */,
				69D7581319CD06BD0085FF92 /* Frameworks */,
				69D7581219CD06BD0085FF92 /* Products */,
			);
			sourceTree = "<group>";
		};
		69D7581219CD06BD0085FF92 /* Products */ = {
			isa = PBXGroup;
			children = (
				69D7581119CD06BD0085FF92 /* yelp.app */,
				69D7582C19CD06BD0085FF92 /* yelpTests.xctest */,
			);
			name = Products;
			sourceTree = "<group>";
		};
		69D7581319CD06BD0085FF92 /* Frameworks */ = {
			isa = PBXGroup;
			children = (
				69D7581419CD06BD0085FF92 /* Foundation.framework */,
				69D7581619CD06BD0085FF92 /* CoreGraphics.framework */,
				69D7581819CD06BD0085FF92 /* UIKit.framework */,
				69D7582D19CD06BD0085FF92 /* XCTest.framework */,
			);
			name = Frameworks;
			sourceTree = "<group>";
		};
		69D7581A19CD06BD0085FF92 /* yelp */ = {
			isa = PBXGroup;
			children = (
				69D7582319CD06BD0085FF92 /* AppDelegate.h */,
				69D7582419CD06BD0085FF92 /* AppDelegate.m */,
				69D7582619CD06BD0085FF92 /* Images.xcassets */,
				69D7581B19CD06BD0085FF92 /* Supporting Files */,
			);
			path = yelp;
			sourceTree = "<group>";
		};
		69D7581B19CD06BD0085FF92 /* Supporting Files */ = {
			isa = PBXGroup;
			children = (
				69D7581C19CD06BD0085FF92 /* yelp-Info.plist */,
				69D7581D19CD06BD0085FF92 /* InfoPlist.strings */,
				69D7582019CD06BD0085FF92 /* main.m */,
				69D7582219CD06BD0085FF92 /* yelp-Prefix.pch */,
			);
			name = "Supporting Files";
			sourceTree = "<group>";
		};
		69D7583319CD06BD0085FF92 /* yelpTests */ = {
			isa = PBXGroup;
			children = (
				69D7583919CD06BD0085FF92 /* yelpTests.m */,
				69D7583419CD06BD0085FF92 /* Supporting Files */,
			);
			path = yelpTests;
			sourceTree = "<group>";
		};
		69D7583419CD06BD0085FF92 /* Supporting Files */ = {
			isa = PBXGroup;
			children = (
				69D7583519CD06BD0085FF92 /* yelpTests-Info.plist */,
				69D7583619CD06BD0085FF92 /* InfoPlist.strings */,
			);
			name = "Supporting Files";
			sourceTree = "<group>";
		};
/* End PBXGroup section */

/* Begin PBXNativeTarget section */
		69D7581019CD06BD0085FF92 /* yelp */ = {
			isa = PBXNativeTarget;
			buildConfigurationList = 69D7583D19CD06BD0085FF92 /* Build configuration list for PBXNativeTarget "yelp" */;
			buildPhases = (
				69D7580D19CD06BD0085FF92 /* Sources */,
				69D7580E19CD06BD0085FF92 /* Frameworks */,
				69D7580F19CD06BD0085FF92 /* Resources */,
			);
			buildRules = (
			);
			dependencies = (
			);
			name = yelp;
			productName = yelp;
			productReference = 69D7581119CD06BD0085FF92 /* yelp.app */;
			productType = "com.apple.product-type.application";
		};
		69D7582B19CD06BD0085FF92 /* yelpTests */ = {
			isa = PBXNativeTarget;
			buildConfigurationList = 69D7584019CD06BD0085FF92 /* Build configuration list for PBXNativeTarget "yelpTests" */;
			buildPhases = (
				69D7582819CD06BD0085FF92 /* Sources */,
				69D7582919CD06BD0085FF92 /* Frameworks */,
				69D7582A19CD06BD0085FF92 /* Resources */,
			);
			buildRules = (
			);
			dependencies = (
				69D7583219CD06BD0085FF92 /* PBXTargetDependency */,
			);
			name = yelpTests;
			productName = yelpTests;
			productReference = 69D7582C19CD06BD0085FF92 /* yelpTests.xctest */;
			productType = "com.apple.product-type.bundle.unit-test";
		};
/* End PBXNativeTarget section */

/* Begin PBXProject section */
		69D7580919CD06BD0085FF92 /* Project object */ = {
			isa = PBXProject;
			attributes = {
				LastUpgradeCheck = 0510;
				ORGANIZATIONNAME = Sarath;
				TargetAttributes = {
					69D7582B19CD06BD0085FF92 = {
						TestTargetID = 69D7581019CD06BD0085FF92;
					};
				};
			};
			buildConfigurationList = 69D7580C19CD06BD0085FF92 /* Build configuration list for PBXProject "yelp" */;
			compatibilityVersion = "Xcode 3.2";
			developmentRegion = English;
			hasScannedForEncodings = 0;
			knownRegions = (
				en,
			);
			mainGroup = 69D7580819CD06BD0085FF92;
			productRefGroup = 69D7581219CD06BD0085FF92 /* Products */;
			projectDirPath = "";
			projectRoot = "";
			targets = (
				69D7581019CD06BD0085FF92 /* yelp */,
				69D7582B19CD06BD0085FF92 /* yelpTests */,
			);
		};
/* End PBXProject section */

/* Begin PBXResourcesBuildPhase section */
		69D7580F19CD06BD0085FF92 /* Resources */ = {
			isa = PBXResourcesBuildPhase;
			buildActionMask = 2147483647;
			files = (
				69D7581F19CD06BD0085FF92 /* InfoPlist.strings in Resources */,
				69D7582719CD06BD0085FF92 /* Images.xcassets in Resources */,
			);
			runOnlyForDeploymentPostprocessing = 0;
		};
		69D7582A19CD06BD0085FF92 /* Resources */ = {
			isa = PBXResourcesBuildPhase;
			buildActionMask = 2147483647;
			files = (
				69D7583819CD06BD0085FF92 /* InfoPlist.strings in Resources */,
			);
			runOnlyForDeploymentPostprocessing = 0;
		};
/* End PBXResourcesBuildPhase section */

/* Begin PBXSourcesBuildPhase section */
		69D7580D19CD06BD0085FF92 /* Sources */ = {
			isa = PBXSourcesBuildPhase;
			buildActionMask = 2147483647;
			files = (
				69D7582519CD06BD0085FF92 /* AppDelegate.m in Sources */,
				69D7582119CD06BD0085FF92 /* main.m in Sources */,
			);
			runOnlyForDeploymentPostprocessing = 0;
		};
		69D7582819CD06BD0085FF92 /* Sources */ = {
			isa = PBXSourcesBuildPhase;
			buildActionMask = 2147483647;
			files = (
				69D7583A19CD06BD0085FF92 /* yelpTests.m in Sources */,
			);
			runOnlyForDeploymentPostprocessing = 0;
		};
/* End PBXSourcesBuildPhase section */

/* Begin PBXTargetDependency section */
		69D7583219CD06BD0085FF92 /* PBXTargetDependency */ = {
			isa = PBXTargetDependency;
			target = 69D7581019CD06BD0085FF92 /* yelp */;
			targetProxy = 69D7583119CD06BD0085FF92 /* PBXContainerItemProxy */;
		};
/* End PBXTargetDependency section */

/* Begin PBXVariantGroup section */
		69D7581D19CD06BD0085FF92 /* InfoPlist.strings */ = {
			isa = PBXVariantGroup;
			children = (
				69D7581E19CD06BD0085FF92 /* en */,
			);
			name = InfoPlist.strings;
			sourceTree = "<group>";
		};
		69D7583619CD06BD0085FF92 /* InfoPlist.strings */ = {
			isa = PBXVariantGroup;
			children = (
				69D7583719CD06BD0085FF92 /* en */,
			);
			name = InfoPlist.strings;
			sourceTree = "<group>";
		};
/* End PBXVariantGroup section */

/* Begin XCBuildConfiguration section */
		69D7583B19CD06BD0085FF92 /* Debug */ = {
			isa = XCBuildConfiguration;
			buildSettings = {
				ALWAYS_SEARCH_USER_PATHS = NO;
				CLANG_CXX_LANGUAGE_STANDARD = "gnu++0x";
				CLANG_CXX_LIBRARY = "libc++";
				CLANG_ENABLE_MODULES = YES;
				CLANG_ENABLE_OBJC_ARC = YES;
				CLANG_WARN_BOOL_CONVERSION = YES;
				CLANG_WARN_CONSTANT_CONVERSION = YES;
				CLANG_WARN_DIRECT_OBJC_ISA_USAGE = YES_ERROR;
				CLANG_WARN_EMPTY_BODY = YES;
				CLANG_WARN_ENUM_CONVERSION = YES;
				CLANG_WARN_INT_CONVERSION = YES;
				CLANG_WARN_OBJC_ROOT_CLASS = YES_ERROR;
				CLANG_WARN__DUPLICATE_METHOD_MATCH = YES;
				"CODE_SIGN_IDENTITY[sdk=iphoneos*]" = "iPhone Developer";
				COPY_PHASE_STRIP = NO;
				GCC_C_LANGUAGE_STANDARD = gnu99;
				GCC_DYNAMIC_NO_PIC = NO;
				GCC_OPTIMIZATION_LEVEL = 0;
				GCC_PREPROCESSOR_DEFINITIONS = (
					"DEBUG=1",
					"$(inherited)",
				);
				GCC_SYMBOLS_PRIVATE_EXTERN = NO;
				GCC_WARN_64_TO_32_BIT_CONVERSION = YES;
				GCC_WARN_ABOUT_RETURN_TYPE = YES_ERROR;
				GCC_WARN_UNDECLARED_SELECTOR = YES;
				GCC_WARN_UNINITIALIZED_AUTOS = YES_AGGRESSIVE;
				GCC_WARN_UNUSED_FUNCTION = YES;
				GCC_WARN_UNUSED_VARIABLE = YES;
				IPHONEOS_DEPLOYMENT_TARGET = 7.1;
				ONLY_ACTIVE_ARCH = YES;
				SDKROOT = iphoneos;
			};
			name = Debug;
		};
		69D7583C19CD06BD0085FF92 /* Release */ = {
			isa = XCBuildConfiguration;
			buildSettings = {
				ALWAYS_SEARCH_USER_PATHS = NO;
				CLANG_CXX_LANGUAGE_STANDARD = "gnu++0x";
				CLANG_CXX_LIBRARY = "libc++";
				CLANG_ENABLE_MODULES = YES;
				CLANG_ENABLE_OBJC_ARC = YES;
				CLANG_WARN_BOOL_CONVERSION = YES;
				CLANG_WARN_CONSTANT_CONVERSION = YES;
				CLANG_WARN_DIRECT_OBJC_ISA_USAGE = YES_ERROR;
				CLANG_WARN_EMPTY_BODY = YES;
				CLANG_WARN_ENUM_CONVERSION = YES;
				CLANG_WARN_INT_CONVERSION = YES;
				CLANG_WARN_OBJC_ROOT_CLASS = YES_ERROR;
				CLANG_WARN__DUPLICATE_METHOD_MATCH = YES;
				"CODE_SIGN_IDENTITY[sdk=iphoneos*]" = "iPhone Developer";
				COPY_PHASE_STRIP = YES;
				ENABLE_NS_ASSERTIONS = NO;
				GCC_C_LANGUAGE_STANDARD = gnu99;
				GCC_WARN_64_TO_32_BIT_CONVERSION = YES;
				GCC_WARN_ABOUT_RETURN_TYPE = YES_ERROR;
				GCC_WARN_UNDECLARED_SELECTOR = YES;
				GCC_WARN_UNINITIALIZED_AUTOS = YES_AGGRESSIVE;
				GCC_WARN_UNUSED_FUNCTION = YES;
				GCC_WARN_UNUSED_VARIABLE = YES;
				IPHONEOS_DEPLOYMENT_TARGET = 7.1;
				SDKROOT = iphoneos;
				VALIDATE_PRODUCT = YES;
			};
			name = Release;
		};
		69D7583E19CD06BD0085FF92 /* Debug */ = {
			isa = XCBuildConfiguration;
			buildSettings = {
				ASSETCATALOG_COMPILER_APPICON_NAME = AppIcon;
				ASSETCATALOG_COMPILER_LAUNCHIMAGE_NAME = LaunchImage;
				GCC_PRECOMPILE_PREFIX_HEADER = YES;
				GCC_PREFIX_HEADER = "yelp/yelp-Prefix.pch";
				INFOPLIST_FILE = "yelp/yelp-Info.plist";
				PRODUCT_NAME = "$(TARGET_NAME)";
				WRAPPER_EXTENSION = app;
			};
			name = Debug;
		};
		69D7583F19CD06BD0085FF92 /* Release */ = {
			isa = XCBuildConfiguration;
			buildSettings = {
				ASSETCATALOG_COMPILER_APPICON_NAME = AppIcon;
				ASSETCATALOG_COMPILER_LAUNCHIMAGE_NAME = LaunchImage;
				GCC_PRECOMPILE_PREFIX_HEADER = YES;
				GCC_PREFIX_HEADER = "yelp/yelp-Prefix.pch";
				INFOPLIST_FILE = "yelp/yelp-Info.plist";
				PRODUCT_NAME = "$(TARGET_NAME)";
				WRAPPER_EXTENSION = app;
			};
			name = Release;
		};
		69D7584119CD06BD0085FF92 /* Debug */ = {
			isa = XCBuildConfiguration;
			buildSettings = {
				BUNDLE_LOADER = "$(BUILT_PRODUCTS_DIR)/yelp.app/yelp";
				FRAMEWORK_SEARCH_PATHS = (
					"$(SDKROOT)/Developer/Library/Frameworks",
					"$(inherited)",
					"$(DEVELOPER_FRAMEWORKS_DIR)",
				);
				GCC_PRECOMPILE_PREFIX_HEADER = YES;
				GCC_PREFIX_HEADER = "yelp/yelp-Prefix.pch";
				GCC_PREPROCESSOR_DEFINITIONS = (
					"DEBUG=1",
					"$(inherited)",
				);
				INFOPLIST_FILE = "yelpTests/yelpTests-Info.plist";
				PRODUCT_NAME = "$(TARGET_NAME)";
				TEST_HOST = "$(BUNDLE_LOADER)";
				WRAPPER_EXTENSION = xctest;
			};
			name = Debug;
		};
		69D7584219CD06BD0085FF92 /* Release */ = {
			isa = XCBuildConfiguration;
			buildSettings = {
				BUNDLE_LOADER = "$(BUILT_PRODUCTS_DIR)/yelp.app/yelp";
				FRAMEWORK_SEARCH_PATHS = (
					"$(SDKROOT)/Developer/Library/Frameworks",
					"$(inherited)",
					"$(DEVELOPER_FRAMEWORKS_DIR)",
				);
				GCC_PRECOMPILE_PREFIX_HEADER = YES;
				GCC_PREFIX_HEADER = "yelp/yelp-Prefix.pch";
				INFOPLIST_FILE = "yelpTests/yelpTests-Info.plist";
				PRODUCT_NAME = "$(TARGET_NAME)";
				TEST_HOST = "$(BUNDLE_LOADER)";
				WRAPPER_EXTENSION = xctest;
			};
			name = Release;
		};
/* End XCBuildConfiguration section */

/* Begin XCConfigurationList section */
		69D7580C19CD06BD0085FF92 /* Build configuration list for PBXProject "yelp" */ = {
			isa = XCConfigurationList;
			buildConfigurations = (
				69D7583B19CD06BD0085FF92 /* Debug */,
				69D7583C19CD06BD0085FF92 /* Release */,
			);
			defaultConfigurationIsVisible = 0;
			defaultConfigurationName = Release;
		};
		69D7583D19CD06BD0085FF92 /* Build configuration list for PBXNativeTarget "yelp" */ = {
			isa = XCConfigurationList;
			buildConfigurations = (
				69D7583E19CD06BD0085FF92 /* Debug */,
				69D7583F19CD06BD0085FF92 /* Release */,
			);
			defaultConfigurationIsVisible = 0;
		};
		69D7584019CD06BD0085FF92 /* Build configuration list for PBXNativeTarget "yelpTests" */ = {
			isa = XCConfigurationList;
			buildConfigurations = (
				69D7584119CD06BD0085FF92 /* Debug */,
				69D7584219CD06BD0085FF92 /* Release */,
			);
			defaultConfigurationIsVisible = 0;
		};
/* End XCConfigurationList section */
	};
	rootObject = 69D7580919CD06BD0085FF92 /* Project object */;
}
